{
  "name": "oidm-report-findings-annotator",
  "version": "0.0.0",
  "lockfileVersion": 3,
  "requires": true,
  "packages": {
    "": {
      "name": "oidm-report-findings-annotator",
      "version": "0.0.0",
      "devDependencies": {
        "dexie": "^4.0.10",
        "fake-indexeddb": "^6.0.0"
      }
    },
    "node_modules/dexie": {
      "version": "4.4.2",
      "resolved": "https://registry.npmjs.org/dexie/-/dexie-4.4.2.tgz",
      "integrity": "sha512-zMtV8q79EFE5U8FKZvt0Y/77PCU/Hr/RDxv1EDeo228L+m/HTbeN2AjoQm674rhQCX8n3ljK87lajt7UQuZfvw==",
      "dev": true,
      "license": "Apache-2.0"
    },
    "node_modules/fake-indexeddb": {
      "version": "6.2.5",
      "resolved": "https://registry.npmjs.org/fake-indexeddb/-/fake-indexeddb-6.2.5.tgz",
      "integrity": "sha512-CGnyrvbhPlWYMngksqrSSUT1BAVP49dZocrHuK0SvtR0D5TMs5wP0o3j7jexDJW01KSadjBp1M/71o/KR3nD1w==",
      "dev": true,
      "license": "Apache-2.0",
      "engines": {
        "node": ">=18"
      }
    }
  }
}
